
Microsoft Visual Studio Solution File, Format Version 12.00
# Visual Studio 14
VisualStudioVersion = 14.0.23107.0
MinimumVisualStudioVersion = 10.0.40219.1
Project("{FAE04EC0-301F-11D3-BF4B-00C04F79EFBC}") = "150910_GPACalculator", "150910_GPACalculator\150910_GPACalculator.csproj", "{FA8942B1-5900-4404-A020-792C294D44DE}"
EndProject
Global
	GlobalSection(SolutionConfigurationPlatforms) = preSolution
		Debug|Any CPU = Debug|Any CPU
		Release|Any CPU = Release|Any CPU
	EndGlobalSection
	GlobalSection(ProjectConfigurationPlatforms) = postSolution
		{FA8942B1-5900-4404-A020-792C294D44DE}.Debug|Any CPU.ActiveCfg = Debug|Any CPU
		{FA8942B1-5900-4404-A020-792C294D44DE}.Debug|Any CPU.Build.0 = Debug|Any CPU
		{FA8942B1-5900-4404-A020-792C294D44DE}.Release|Any CPU.ActiveCfg = Release|Any CPU
		{FA8942B1-5900-4404-A020-792C294D44DE}.Release|Any CPU.Build.0 = Release|Any CPU
	EndGlobalSection
	GlobalSection(SolutionProperties) = preSolution
		HideSolutionNode = FALSE
	EndGlobalSection
EndGlobal
